
Microsoft Visual Studio Solution File, Format Version 12.00
# Visual Studio Version 16
VisualStudioVersion = 16.0.30011.22
MinimumVisualStudioVersion = 10.0.40219.1
Project("{FAE04EC0-301F-11D3-BF4B-00C04F79EFBC}") = "GerenciamentoJogos.WebApi", "src\GerenciamentoJogos.WebApi\GerenciamentoJogos.WebApi.csproj", "{26EB7BF8-9082-4353-8FB9-0D06FCE2A3B9}"
EndProject
Project("{FAE04EC0-301F-11D3-BF4B-00C04F79EFBC}") = "GerenciamentoJogos.Domain", "src\GerenciamentoJogos.Domain\GerenciamentoJogos.Domain.csproj", "{7D0EA858-ACD8-480C-BB16-EB3831D7D79D}"
EndProject
Project("{FAE04EC0-301F-11D3-BF4B-00C04F79EFBC}") = "GerenciamentoJogos.Data", "src\GerenciamentoJogos.Data\GerenciamentoJogos.Data.csproj", "{18518826-F2D9-46E3-B3BD-290FCC9F7FC3}"
EndProject
Project("{FAE04EC0-301F-11D3-BF4B-00C04F79EFBC}") = "GerenciamentoJogos.Service", "src\GerenciamentoJogos.Service\GerenciamentoJogos.Service.csproj", "{507AFC52-D2FB-4BF5-84A5-0D9F46E4DE1E}"
EndProject
Project("{FAE04EC0-301F-11D3-BF4B-00C04F79EFBC}") = "GerenciamentoJogos.Crosscutting.Ioc", "src\GerenciamentoJogos.Crosscutting.Ioc\GerenciamentoJogos.Crosscutting.Ioc.csproj", "{CC5F82D6-0892-4425-8524-B4121A8A34E5}"
EndProject
Global
	GlobalSection(SolutionConfigurationPlatforms) = preSolution
		Debug|Any CPU = Debug|Any CPU
		Release|Any CPU = Release|Any CPU
	EndGlobalSection
	GlobalSection(ProjectConfigurationPlatforms) = postSolution
		{26EB7BF8-9082-4353-8FB9-0D06FCE2A3B9}.Debug|Any CPU.ActiveCfg = Debug|Any CPU
		{26EB7BF8-9082-4353-8FB9-0D06FCE2A3B9}.Debug|Any CPU.Build.0 = Debug|Any CPU
		{26EB7BF8-9082-4353-8FB9-0D06FCE2A3B9}.Release|Any CPU.ActiveCfg = Release|Any CPU
		{26EB7BF8-9082-4353-8FB9-0D06FCE2A3B9}.Release|Any CPU.Build.0 = Release|Any CPU
		{7D0EA858-ACD8-480C-BB16-EB3831D7D79D}.Debug|Any CPU.ActiveCfg = Debug|Any CPU
		{7D0EA858-ACD8-480C-BB16-EB3831D7D79D}.Debug|Any CPU.Build.0 = Debug|Any CPU
		{7D0EA858-ACD8-480C-BB16-EB3831D7D79D}.Release|Any CPU.ActiveCfg = Release|Any CPU
		{7D0EA858-ACD8-480C-BB16-EB3831D7D79D}.Release|Any CPU.Build.0 = Release|Any CPU
		{18518826-F2D9-46E3-B3BD-290FCC9F7FC3}.Debug|Any CPU.ActiveCfg = Debug|Any CPU
		{18518826-F2D9-46E3-B3BD-290FCC9F7FC3}.Debug|Any CPU.Build.0 = Debug|Any CPU
		{18518826-F2D9-46E3-B3BD-290FCC9F7FC3}.Release|Any CPU.ActiveCfg = Release|Any CPU
		{18518826-F2D9-46E3-B3BD-290FCC9F7FC3}.Release|Any CPU.Build.0 = Release|Any CPU
		{507AFC52-D2FB-4BF5-84A5-0D9F46E4DE1E}.Debug|Any CPU.ActiveCfg = Debug|Any CPU
		{507AFC52-D2FB-4BF5-84A5-0D9F46E4DE1E}.Debug|Any CPU.Build.0 = Debug|Any CPU
		{507AFC52-D2FB-4BF5-84A5-0D9F46E4DE1E}.Release|Any CPU.ActiveCfg = Release|Any CPU
		{507AFC52-D2FB-4BF5-84A5-0D9F46E4DE1E}.Release|Any CPU.Build.0 = Release|Any CPU
		{CC5F82D6-0892-4425-8524-B4121A8A34E5}.Debug|Any CPU.ActiveCfg = Debug|Any CPU
		{CC5F82D6-0892-4425-8524-B4121A8A34E5}.Debug|Any CPU.Build.0 = Debug|Any CPU
		{CC5F82D6-0892-4425-8524-B4121A8A34E5}.Release|Any CPU.ActiveCfg = Release|Any CPU
		{CC5F82D6-0892-4425-8524-B4121A8A34E5}.Release|Any CPU.Build.0 = Release|Any CPU
	EndGlobalSection
	GlobalSection(SolutionProperties) = preSolution
		HideSolutionNode = FALSE
	EndGlobalSection
	GlobalSection(ExtensibilityGlobals) = postSolution
		SolutionGuid = {603720A6-17BA-47BD-9CBD-5CE6EE2E51EC}
	EndGlobalSection
EndGlobal
